
Microsoft Visual Studio Solution File, Format Version 12.00
# Visual Studio Version 17
VisualStudioVersion = 17.1.32421.90
MinimumVisualStudioVersion = 10.0.40219.1
Project("{9A19103F-16F7-4668-BE54-9A1E7A4F7556}") = "KafkaProducer", "KafkaProducer\KafkaProducer.csproj", "{F60F3196-BE99-4BFD-AE36-C88B1A60FA1D}"
EndProject
Project("{9A19103F-16F7-4668-BE54-9A1E7A4F7556}") = "KafkaConsumer1", "KafkaConsumer1\KafkaConsumer1.csproj", "{80B6D0D5-7C6F-4575-89AE-84159081C1C7}"
EndProject
Project("{9A19103F-16F7-4668-BE54-9A1E7A4F7556}") = "RealConsumer", "..\RealConsumer\RealConsumer\RealConsumer\RealConsumer.csproj", "{EB918296-D138-4CB0-9A26-216CE6567DCD}"
EndProject
Project("{9A19103F-16F7-4668-BE54-9A1E7A4F7556}") = "RealConsumer1", "..\RealConsumer2\RealConsumer\RealConsumer\RealConsumer1.csproj", "{876C175D-6F1C-4D41-9D2B-EA752D55C07B}"
EndProject
Global
	GlobalSection(SolutionConfigurationPlatforms) = preSolution
		Debug|Any CPU = Debug|Any CPU
		Release|Any CPU = Release|Any CPU
	EndGlobalSection
	GlobalSection(ProjectConfigurationPlatforms) = postSolution
		{F60F3196-BE99-4BFD-AE36-C88B1A60FA1D}.Debug|Any CPU.ActiveCfg = Debug|Any CPU
		{F60F3196-BE99-4BFD-AE36-C88B1A60FA1D}.Debug|Any CPU.Build.0 = Debug|Any CPU
		{F60F3196-BE99-4BFD-AE36-C88B1A60FA1D}.Release|Any CPU.ActiveCfg = Release|Any CPU
		{F60F3196-BE99-4BFD-AE36-C88B1A60FA1D}.Release|Any CPU.Build.0 = Release|Any CPU
		{80B6D0D5-7C6F-4575-89AE-84159081C1C7}.Debug|Any CPU.ActiveCfg = Debug|Any CPU
		{80B6D0D5-7C6F-4575-89AE-84159081C1C7}.Debug|Any CPU.Build.0 = Debug|Any CPU
		{80B6D0D5-7C6F-4575-89AE-84159081C1C7}.Release|Any CPU.ActiveCfg = Release|Any CPU
		{80B6D0D5-7C6F-4575-89AE-84159081C1C7}.Release|Any CPU.Build.0 = Release|Any CPU
		{EB918296-D138-4CB0-9A26-216CE6567DCD}.Debug|Any CPU.ActiveCfg = Debug|Any CPU
		{EB918296-D138-4CB0-9A26-216CE6567DCD}.Debug|Any CPU.Build.0 = Debug|Any CPU
		{EB918296-D138-4CB0-9A26-216CE6567DCD}.Release|Any CPU.ActiveCfg = Release|Any CPU
		{EB918296-D138-4CB0-9A26-216CE6567DCD}.Release|Any CPU.Build.0 = Release|Any CPU
		{876C175D-6F1C-4D41-9D2B-EA752D55C07B}.Debug|Any CPU.ActiveCfg = Debug|Any CPU
		{876C175D-6F1C-4D41-9D2B-EA752D55C07B}.Debug|Any CPU.Build.0 = Debug|Any CPU
		{876C175D-6F1C-4D41-9D2B-EA752D55C07B}.Release|Any CPU.ActiveCfg = Release|Any CPU
		{876C175D-6F1C-4D41-9D2B-EA752D55C07B}.Release|Any CPU.Build.0 = Release|Any CPU
	EndGlobalSection
	GlobalSection(SolutionProperties) = preSolution
		HideSolutionNode = FALSE
	EndGlobalSection
	GlobalSection(ExtensibilityGlobals) = postSolution
		SolutionGuid = {7D75B652-4DFF-45CF-AA27-3C3B83D8073F}
	EndGlobalSection
EndGlobal
